
Microsoft Visual Studio Solution File, Format Version 12.00
# Visual Studio Version 17
VisualStudioVersion = 17.2.32630.192
MinimumVisualStudioVersion = 10.0.40219.1
Project("{9A19103F-16F7-4668-BE54-9A1E7A4F7556}") = "SevenTV", "SevenTV\SevenTV.csproj", "{97381C4D-C385-46D6-B469-E24270D9EAEF}"
EndProject
Global
	GlobalSection(SolutionConfigurationPlatforms) = preSolution
		Debug|Any CPU = Debug|Any CPU
		Release|Any CPU = Release|Any CPU
	EndGlobalSection
	GlobalSection(ProjectConfigurationPlatforms) = postSolution
		{97381C4D-C385-46D6-B469-E24270D9EAEF}.Debug|Any CPU.ActiveCfg = Debug|Any CPU
		{97381C4D-C385-46D6-B469-E24270D9EAEF}.Debug|Any CPU.Build.0 = Debug|Any CPU
		{97381C4D-C385-46D6-B469-E24270D9EAEF}.Release|Any CPU.ActiveCfg = Release|Any CPU
		{97381C4D-C385-46D6-B469-E24270D9EAEF}.Release|Any CPU.Build.0 = Release|Any CPU
	EndGlobalSection
	GlobalSection(SolutionProperties) = preSolution
		HideSolutionNode = FALSE
	EndGlobalSection
	GlobalSection(ExtensibilityGlobals) = postSolution
		SolutionGuid = {DD096208-FD1E-46E8-8DE2-37E0AD5190AF}
	EndGlobalSection
EndGlobal
